
Microsoft Visual Studio Solution File, Format Version 12.00
# Visual Studio 2013
VisualStudioVersion = 12.0.31101.0
MinimumVisualStudioVersion = 10.0.40219.1
Project("{FAE04EC0-301F-11D3-BF4B-00C04F79EFBC}") = "CardScannerX", "CardScannerX\CardScannerX\CardScannerX.csproj", "{F9F569DB-E247-445F-AA16-46CD2F1EBC9B}"
EndProject
Project("{FAE04EC0-301F-11D3-BF4B-00C04F79EFBC}") = "CardScannerX.iOS", "CardScannerX\CardScannerX.iOS\CardScannerX.iOS.csproj", "{32D67861-BF2B-44D6-841F-AF4BEE810229}"
EndProject
Project("{FAE04EC0-301F-11D3-BF4B-00C04F79EFBC}") = "CardScannerX.Droid", "CardScannerX\CardScannerX.Droid\CardScannerX.Droid.csproj", "{F9708BB7-3BA3-49B7-AEA4-685A45EB876C}"
EndProject
Project("{FAE04EC0-301F-11D3-BF4B-00C04F79EFBC}") = "CardScannerX.WinPhone", "CardScannerX\CardScannerX.WinPhone\CardScannerX.WinPhone.csproj", "{0423B288-6962-4D68-BFC4-CFEA30CE78BE}"
EndProject
Global
	GlobalSection(SolutionConfigurationPlatforms) = preSolution
		Ad-Hoc|Any CPU = Ad-Hoc|Any CPU
		Ad-Hoc|ARM = Ad-Hoc|ARM
		Ad-Hoc|iPhone = Ad-Hoc|iPhone
		Ad-Hoc|iPhoneSimulator = Ad-Hoc|iPhoneSimulator
		Ad-Hoc|Mixed Platforms = Ad-Hoc|Mixed Platforms
		Ad-Hoc|x86 = Ad-Hoc|x86
		AppStore|Any CPU = AppStore|Any CPU
		AppStore|ARM = AppStore|ARM
		AppStore|iPhone = AppStore|iPhone
		AppStore|iPhoneSimulator = AppStore|iPhoneSimulator
		AppStore|Mixed Platforms = AppStore|Mixed Platforms
		AppStore|x86 = AppStore|x86
		Debug|Any CPU = Debug|Any CPU
		Debug|ARM = Debug|ARM
		Debug|iPhone = Debug|iPhone
		Debug|iPhoneSimulator = Debug|iPhoneSimulator
		Debug|Mixed Platforms = Debug|Mixed Platforms
		Debug|x86 = Debug|x86
		Release|Any CPU = Release|Any CPU
		Release|ARM = Release|ARM
		Release|iPhone = Release|iPhone
		Release|iPhoneSimulator = Release|iPhoneSimulator
		Release|Mixed Platforms = Release|Mixed Platforms
		Release|x86 = Release|x86
	EndGlobalSection
	GlobalSection(ProjectConfigurationPlatforms) = postSolution
		{F9F569DB-E247-445F-AA16-46CD2F1EBC9B}.Ad-Hoc|Any CPU.ActiveCfg = Release|Any CPU
		{F9F569DB-E247-445F-AA16-46CD2F1EBC9B}.Ad-Hoc|Any CPU.Build.0 = Release|Any CPU
		{F9F569DB-E247-445F-AA16-46CD2F1EBC9B}.Ad-Hoc|ARM.ActiveCfg = Release|Any CPU
		{F9F569DB-E247-445F-AA16-46CD2F1EBC9B}.Ad-Hoc|iPhone.ActiveCfg = Release|Any CPU
		{F9F569DB-E247-445F-AA16-46CD2F1EBC9B}.Ad-Hoc|iPhoneSimulator.ActiveCfg = Release|Any CPU
		{F9F569DB-E247-445F-AA16-46CD2F1EBC9B}.Ad-Hoc|Mixed Platforms.ActiveCfg = Release|Any CPU
		{F9F569DB-E247-445F-AA16-46CD2F1EBC9B}.Ad-Hoc|Mixed Platforms.Build.0 = Release|Any CPU
		{F9F569DB-E247-445F-AA16-46CD2F1EBC9B}.Ad-Hoc|x86.ActiveCfg = Release|Any CPU
		{F9F569DB-E247-445F-AA16-46CD2F1EBC9B}.AppStore|Any CPU.ActiveCfg = Release|Any CPU
		{F9F569DB-E247-445F-AA16-46CD2F1EBC9B}.AppStore|Any CPU.Build.0 = Release|Any CPU
		{F9F569DB-E247-445F-AA16-46CD2F1EBC9B}.AppStore|ARM.ActiveCfg = Release|Any CPU
		{F9F569DB-E247-445F-AA16-46CD2F1EBC9B}.AppStore|iPhone.ActiveCfg = Release|Any CPU
		{F9F569DB-E247-445F-AA16-46CD2F1EBC9B}.AppStore|iPhoneSimulator.ActiveCfg = Release|Any CPU
		{F9F569DB-E247-445F-AA16-46CD2F1EBC9B}.AppStore|Mixed Platforms.ActiveCfg = Release|Any CPU
		{F9F569DB-E247-445F-AA16-46CD2F1EBC9B}.AppStore|Mixed Platforms.Build.0 = Release|Any CPU
		{F9F569DB-E247-445F-AA16-46CD2F1EBC9B}.AppStore|x86.ActiveCfg = Release|Any CPU
		{F9F569DB-E247-445F-AA16-46CD2F1EBC9B}.Debug|Any CPU.ActiveCfg = Debug|Any CPU
		{F9F569DB-E247-445F-AA16-46CD2F1EBC9B}.Debug|Any CPU.Build.0 = Debug|Any CPU
		{F9F569DB-E247-445F-AA16-46CD2F1EBC9B}.Debug|ARM.ActiveCfg = Debug|Any CPU
		{F9F569DB-E247-445F-AA16-46CD2F1EBC9B}.Debug|iPhone.ActiveCfg = Debug|Any CPU
		{F9F569DB-E247-445F-AA16-46CD2F1EBC9B}.Debug|iPhoneSimulator.ActiveCfg = Debug|Any CPU
		{F9F569DB-E247-445F-AA16-46CD2F1EBC9B}.Debug|Mixed Platforms.ActiveCfg = Debug|Any CPU
		{F9F569DB-E247-445F-AA16-46CD2F1EBC9B}.Debug|Mixed Platforms.Build.0 = Debug|Any CPU
		{F9F569DB-E247-445F-AA16-46CD2F1EBC9B}.Debug|x86.ActiveCfg = Debug|Any CPU
		{F9F569DB-E247-445F-AA16-46CD2F1EBC9B}.Release|Any CPU.ActiveCfg = Release|Any CPU
		{F9F569DB-E247-445F-AA16-46CD2F1EBC9B}.Release|Any CPU.Build.0 = Release|Any CPU
		{F9F569DB-E247-445F-AA16-46CD2F1EBC9B}.Release|ARM.ActiveCfg = Release|Any CPU
		{F9F569DB-E247-445F-AA16-46CD2F1EBC9B}.Release|iPhone.ActiveCfg = Release|Any CPU
		{F9F569DB-E247-445F-AA16-46CD2F1EBC9B}.Release|iPhoneSimulator.ActiveCfg = Release|Any CPU
		{F9F569DB-E247-445F-AA16-46CD2F1EBC9B}.Release|Mixed Platforms.ActiveCfg = Release|Any CPU
		{F9F569DB-E247-445F-AA16-46CD2F1EBC9B}.Release|Mixed Platforms.Build.0 = Release|Any CPU
		{F9F569DB-E247-445F-AA16-46CD2F1EBC9B}.Release|x86.ActiveCfg = Release|Any CPU
		{32D67861-BF2B-44D6-841F-AF4BEE810229}.Ad-Hoc|Any CPU.ActiveCfg = Ad-Hoc|iPhone
		{32D67861-BF2B-44D6-841F-AF4BEE810229}.Ad-Hoc|ARM.ActiveCfg = Ad-Hoc|iPhone
		{32D67861-BF2B-44D6-841F-AF4BEE810229}.Ad-Hoc|iPhone.ActiveCfg = Ad-Hoc|iPhone
		{32D67861-BF2B-44D6-841F-AF4BEE810229}.Ad-Hoc|iPhone.Build.0 = Ad-Hoc|iPhone
		{32D67861-BF2B-44D6-841F-AF4BEE810229}.Ad-Hoc|iPhoneSimulator.ActiveCfg = Ad-Hoc|iPhoneSimulator
		{32D67861-BF2B-44D6-841F-AF4BEE810229}.Ad-Hoc|iPhoneSimulator.Build.0 = Ad-Hoc|iPhoneSimulator
		{32D67861-BF2B-44D6-841F-AF4BEE810229}.Ad-Hoc|Mixed Platforms.ActiveCfg = Ad-Hoc|iPhone
		{32D67861-BF2B-44D6-841F-AF4BEE810229}.Ad-Hoc|Mixed Platforms.Build.0 = Ad-Hoc|iPhone
		{32D67861-BF2B-44D6-841F-AF4BEE810229}.Ad-Hoc|x86.ActiveCfg = Ad-Hoc|iPhone
		{32D67861-BF2B-44D6-841F-AF4BEE810229}.AppStore|Any CPU.ActiveCfg = AppStore|iPhone
		{32D67861-BF2B-44D6-841F-AF4BEE810229}.AppStore|ARM.ActiveCfg = AppStore|iPhone
		{32D67861-BF2B-44D6-841F-AF4BEE810229}.AppStore|iPhone.ActiveCfg = AppStore|iPhone
		{32D67861-BF2B-44D6-841F-AF4BEE810229}.AppStore|iPhone.Build.0 = AppStore|iPhone
		{32D67861-BF2B-44D6-841F-AF4BEE810229}.AppStore|iPhoneSimulator.ActiveCfg = AppStore|iPhoneSimulator
		{32D67861-BF2B-44D6-841F-AF4BEE810229}.AppStore|iPhoneSimulator.Build.0 = AppStore|iPhoneSimulator
		{32D67861-BF2B-44D6-841F-AF4BEE810229}.AppStore|Mixed Platforms.ActiveCfg = AppStore|iPhone
		{32D67861-BF2B-44D6-841F-AF4BEE810229}.AppStore|Mixed Platforms.Build.0 = AppStore|iPhone
		{32D67861-BF2B-44D6-841F-AF4BEE810229}.AppStore|x86.ActiveCfg = AppStore|iPhone
		{32D67861-BF2B-44D6-841F-AF4BEE810229}.Debug|Any CPU.ActiveCfg = Debug|iPhone
		{32D67861-BF2B-44D6-841F-AF4BEE810229}.Debug|ARM.ActiveCfg = Debug|iPhone
		{32D67861-BF2B-44D6-841F-AF4BEE810229}.Debug|iPhone.ActiveCfg = Debug|iPhone
		{32D67861-BF2B-44D6-841F-AF4BEE810229}.Debug|iPhone.Build.0 = Debug|iPhone
		{32D67861-BF2B-44D6-841F-AF4BEE810229}.Debug|iPhoneSimulator.ActiveCfg = Debug|iPhoneSimulator
		{32D67861-BF2B-44D6-841F-AF4BEE810229}.Debug|iPhoneSimulator.Build.0 = Debug|iPhoneSimulator
		{32D67861-BF2B-44D6-841F-AF4BEE810229}.Debug|Mixed Platforms.ActiveCfg = Debug|iPhone
		{32D67861-BF2B-44D6-841F-AF4BEE810229}.Debug|Mixed Platforms.Build.0 = Debug|iPhone
		{32D67861-BF2B-44D6-841F-AF4BEE810229}.Debug|x86.ActiveCfg = Debug|iPhone
		{32D67861-BF2B-44D6-841F-AF4BEE810229}.Release|Any CPU.ActiveCfg = Release|iPhone
		{32D67861-BF2B-44D6-841F-AF4BEE810229}.Release|ARM.ActiveCfg = Release|iPhone
		{32D67861-BF2B-44D6-841F-AF4BEE810229}.Release|iPhone.ActiveCfg = Release|iPhone
		{32D67861-BF2B-44D6-841F-AF4BEE810229}.Release|iPhone.Build.0 = Release|iPhone
		{32D67861-BF2B-44D6-841F-AF4BEE810229}.Release|iPhoneSimulator.ActiveCfg = Release|iPhoneSimulator
		{32D67861-BF2B-44D6-841F-AF4BEE810229}.Release|iPhoneSimulator.Build.0 = Release|iPhoneSimulator
		{32D67861-BF2B-44D6-841F-AF4BEE810229}.Release|Mixed Platforms.ActiveCfg = Release|iPhone
		{32D67861-BF2B-44D6-841F-AF4BEE810229}.Release|Mixed Platforms.Build.0 = Release|iPhone
		{32D67861-BF2B-44D6-841F-AF4BEE810229}.Release|x86.ActiveCfg = Release|iPhone
		{F9708BB7-3BA3-49B7-AEA4-685A45EB876C}.Ad-Hoc|Any CPU.ActiveCfg = Release|Any CPU
		{F9708BB7-3BA3-49B7-AEA4-685A45EB876C}.Ad-Hoc|Any CPU.Build.0 = Release|Any CPU
		{F9708BB7-3BA3-49B7-AEA4-685A45EB876C}.Ad-Hoc|Any CPU.Deploy.0 = Release|Any CPU
		{F9708BB7-3BA3-49B7-AEA4-685A45EB876C}.Ad-Hoc|ARM.ActiveCfg = Release|Any CPU
		{F9708BB7-3BA3-49B7-AEA4-685A45EB876C}.Ad-Hoc|iPhone.ActiveCfg = Release|Any CPU
		{F9708BB7-3BA3-49B7-AEA4-685A45EB876C}.Ad-Hoc|iPhoneSimulator.ActiveCfg = Release|Any CPU
		{F9708BB7-3BA3-49B7-AEA4-685A45EB876C}.Ad-Hoc|Mixed Platforms.ActiveCfg = Release|Any CPU
		{F9708BB7-3BA3-49B7-AEA4-685A45EB876C}.Ad-Hoc|Mixed Platforms.Build.0 = Release|Any CPU
		{F9708BB7-3BA3-49B7-AEA4-685A45EB876C}.Ad-Hoc|Mixed Platforms.Deploy.0 = Release|Any CPU
		{F9708BB7-3BA3-49B7-AEA4-685A45EB876C}.Ad-Hoc|x86.ActiveCfg = Release|Any CPU
		{F9708BB7-3BA3-49B7-AEA4-685A45EB876C}.AppStore|Any CPU.ActiveCfg = Release|Any CPU
		{F9708BB7-3BA3-49B7-AEA4-685A45EB876C}.AppStore|Any CPU.Build.0 = Release|Any CPU
		{F9708BB7-3BA3-49B7-AEA4-685A45EB876C}.AppStore|Any CPU.Deploy.0 = Release|Any CPU
		{F9708BB7-3BA3-49B7-AEA4-685A45EB876C}.AppStore|ARM.ActiveCfg = Release|Any CPU
		{F9708BB7-3BA3-49B7-AEA4-685A45EB876C}.AppStore|iPhone.ActiveCfg = Release|Any CPU
		{F9708BB7-3BA3-49B7-AEA4-685A45EB876C}.AppStore|iPhoneSimulator.ActiveCfg = Release|Any CPU
		{F9708BB7-3BA3-49B7-AEA4-685A45EB876C}.AppStore|Mixed Platforms.ActiveCfg = Release|Any CPU
		{F9708BB7-3BA3-49B7-AEA4-685A45EB876C}.AppStore|Mixed Platforms.Build.0 = Release|Any CPU
		{F9708BB7-3BA3-49B7-AEA4-685A45EB876C}.AppStore|Mixed Platforms.Deploy.0 = Release|Any CPU
		{F9708BB7-3BA3-49B7-AEA4-685A45EB876C}.AppStore|x86.ActiveCfg = Release|Any CPU
		{F9708BB7-3BA3-49B7-AEA4-685A45EB876C}.Debug|Any CPU.ActiveCfg = Debug|Any CPU
		{F9708BB7-3BA3-49B7-AEA4-685A45EB876C}.Debug|Any CPU.Build.0 = Debug|Any CPU
		{F9708BB7-3BA3-49B7-AEA4-685A45EB876C}.Debug|Any CPU.Deploy.0 = Debug|Any CPU
		{F9708BB7-3BA3-49B7-AEA4-685A45EB876C}.Debug|ARM.ActiveCfg = Debug|Any CPU
		{F9708BB7-3BA3-49B7-AEA4-685A45EB876C}.Debug|iPhone.ActiveCfg = Debug|Any CPU
		{F9708BB7-3BA3-49B7-AEA4-685A45EB876C}.Debug|iPhoneSimulator.ActiveCfg = Debug|Any CPU
		{F9708BB7-3BA3-49B7-AEA4-685A45EB876C}.Debug|Mixed Platforms.ActiveCfg = Debug|Any CPU
		{F9708BB7-3BA3-49B7-AEA4-685A45EB876C}.Debug|Mixed Platforms.Build.0 = Debug|Any CPU
		{F9708BB7-3BA3-49B7-AEA4-685A45EB876C}.Debug|Mixed Platforms.Deploy.0 = Debug|Any CPU
		{F9708BB7-3BA3-49B7-AEA4-685A45EB876C}.Debug|x86.ActiveCfg = Debug|Any CPU
		{F9708BB7-3BA3-49B7-AEA4-685A45EB876C}.Release|Any CPU.ActiveCfg = Release|Any CPU
		{F9708BB7-3BA3-49B7-AEA4-685A45EB876C}.Release|Any CPU.Build.0 = Release|Any CPU
		{F9708BB7-3BA3-49B7-AEA4-685A45EB876C}.Release|Any CPU.Deploy.0 = Release|Any CPU
		{F9708BB7-3BA3-49B7-AEA4-685A45EB876C}.Release|ARM.ActiveCfg = Release|Any CPU
		{F9708BB7-3BA3-49B7-AEA4-685A45EB876C}.Release|iPhone.ActiveCfg = Release|Any CPU
		{F9708BB7-3BA3-49B7-AEA4-685A45EB876C}.Release|iPhoneSimulator.ActiveCfg = Release|Any CPU
		{F9708BB7-3BA3-49B7-AEA4-685A45EB876C}.Release|Mixed Platforms.ActiveCfg = Release|Any CPU
		{F9708BB7-3BA3-49B7-AEA4-685A45EB876C}.Release|Mixed Platforms.Build.0 = Release|Any CPU
		{F9708BB7-3BA3-49B7-AEA4-685A45EB876C}.Release|Mixed Platforms.Deploy.0 = Release|Any CPU
		{F9708BB7-3BA3-49B7-AEA4-685A45EB876C}.Release|x86.ActiveCfg = Release|Any CPU
		{0423B288-6962-4D68-BFC4-CFEA30CE78BE}.Ad-Hoc|Any CPU.ActiveCfg = Release|Any CPU
		{0423B288-6962-4D68-BFC4-CFEA30CE78BE}.Ad-Hoc|Any CPU.Build.0 = Release|Any CPU
		{0423B288-6962-4D68-BFC4-CFEA30CE78BE}.Ad-Hoc|Any CPU.Deploy.0 = Release|Any CPU
		{0423B288-6962-4D68-BFC4-CFEA30CE78BE}.Ad-Hoc|ARM.ActiveCfg = Release|ARM
		{0423B288-6962-4D68-BFC4-CFEA30CE78BE}.Ad-Hoc|ARM.Build.0 = Release|ARM
		{0423B288-6962-4D68-BFC4-CFEA30CE78BE}.Ad-Hoc|ARM.Deploy.0 = Release|ARM
		{0423B288-6962-4D68-BFC4-CFEA30CE78BE}.Ad-Hoc|iPhone.ActiveCfg = Release|Any CPU
		{0423B288-6962-4D68-BFC4-CFEA30CE78BE}.Ad-Hoc|iPhoneSimulator.ActiveCfg = Release|Any CPU
		{0423B288-6962-4D68-BFC4-CFEA30CE78BE}.Ad-Hoc|Mixed Platforms.ActiveCfg = Release|x86
		{0423B288-6962-4D68-BFC4-CFEA30CE78BE}.Ad-Hoc|Mixed Platforms.Build.0 = Release|x86
		{0423B288-6962-4D68-BFC4-CFEA30CE78BE}.Ad-Hoc|Mixed Platforms.Deploy.0 = Release|x86
		{0423B288-6962-4D68-BFC4-CFEA30CE78BE}.Ad-Hoc|x86.ActiveCfg = Release|x86
		{0423B288-6962-4D68-BFC4-CFEA30CE78BE}.Ad-Hoc|x86.Build.0 = Release|x86
		{0423B288-6962-4D68-BFC4-CFEA30CE78BE}.Ad-Hoc|x86.Deploy.0 = Release|x86
		{0423B288-6962-4D68-BFC4-CFEA30CE78BE}.AppStore|Any CPU.ActiveCfg = Release|Any CPU
		{0423B288-6962-4D68-BFC4-CFEA30CE78BE}.AppStore|Any CPU.Build.0 = Release|Any CPU
		{0423B288-6962-4D68-BFC4-CFEA30CE78BE}.AppStore|Any CPU.Deploy.0 = Release|Any CPU
		{0423B288-6962-4D68-BFC4-CFEA30CE78BE}.AppStore|ARM.ActiveCfg = Release|ARM
		{0423B288-6962-4D68-BFC4-CFEA30CE78BE}.AppStore|ARM.Build.0 = Release|ARM
		{0423B288-6962-4D68-BFC4-CFEA30CE78BE}.AppStore|ARM.Deploy.0 = Release|ARM
		{0423B288-6962-4D68-BFC4-CFEA30CE78BE}.AppStore|iPhone.ActiveCfg = Release|Any CPU
		{0423B288-6962-4D68-BFC4-CFEA30CE78BE}.AppStore|iPhoneSimulator.ActiveCfg = Release|Any CPU
		{0423B288-6962-4D68-BFC4-CFEA30CE78BE}.AppStore|Mixed Platforms.ActiveCfg = Release|x86
		{0423B288-6962-4D68-BFC4-CFEA30CE78BE}.AppStore|Mixed Platforms.Build.0 = Release|x86
		{0423B288-6962-4D68-BFC4-CFEA30CE78BE}.AppStore|Mixed Platforms.Deploy.0 = Release|x86
		{0423B288-6962-4D68-BFC4-CFEA30CE78BE}.AppStore|x86.ActiveCfg = Release|x86
		{0423B288-6962-4D68-BFC4-CFEA30CE78BE}.AppStore|x86.Build.0 = Release|x86
		{0423B288-6962-4D68-BFC4-CFEA30CE78BE}.AppStore|x86.Deploy.0 = Release|x86
		{0423B288-6962-4D68-BFC4-CFEA30CE78BE}.Debug|Any CPU.ActiveCfg = Debug|Any CPU
		{0423B288-6962-4D68-BFC4-CFEA30CE78BE}.Debug|Any CPU.Build.0 = Debug|Any CPU
		{0423B288-6962-4D68-BFC4-CFEA30CE78BE}.Debug|Any CPU.Deploy.0 = Debug|Any CPU
		{0423B288-6962-4D68-BFC4-CFEA30CE78BE}.Debug|ARM.ActiveCfg = Debug|ARM
		{0423B288-6962-4D68-BFC4-CFEA30CE78BE}.Debug|ARM.Build.0 = Debug|ARM
		{0423B288-6962-4D68-BFC4-CFEA30CE78BE}.Debug|ARM.Deploy.0 = Debug|ARM
		{0423B288-6962-4D68-BFC4-CFEA30CE78BE}.Debug|iPhone.ActiveCfg = Debug|Any CPU
		{0423B288-6962-4D68-BFC4-CFEA30CE78BE}.Debug|iPhoneSimulator.ActiveCfg = Debug|Any CPU
		{0423B288-6962-4D68-BFC4-CFEA30CE78BE}.Debug|Mixed Platforms.ActiveCfg = Debug|x86
		{0423B288-6962-4D68-BFC4-CFEA30CE78BE}.Debug|Mixed Platforms.Build.0 = Debug|x86
		{0423B288-6962-4D68-BFC4-CFEA30CE78BE}.Debug|Mixed Platforms.Deploy.0 = Debug|x86
		{0423B288-6962-4D68-BFC4-CFEA30CE78BE}.Debug|x86.ActiveCfg = Debug|x86
		{0423B288-6962-4D68-BFC4-CFEA30CE78BE}.Debug|x86.Build.0 = Debug|x86
		{0423B288-6962-4D68-BFC4-CFEA30CE78BE}.Debug|x86.Deploy.0 = Debug|x86
		{0423B288-6962-4D68-BFC4-CFEA30CE78BE}.Release|Any CPU.ActiveCfg = Release|Any CPU
		{0423B288-6962-4D68-BFC4-CFEA30CE78BE}.Release|Any CPU.Build.0 = Release|Any CPU
		{0423B288-6962-4D68-BFC4-CFEA30CE78BE}.Release|Any CPU.Deploy.0 = Release|Any CPU
		{0423B288-6962-4D68-BFC4-CFEA30CE78BE}.Release|ARM.ActiveCfg = Release|ARM
		{0423B288-6962-4D68-BFC4-CFEA30CE78BE}.Release|ARM.Build.0 = Release|ARM
		{0423B288-6962-4D68-BFC4-CFEA30CE78BE}.Release|ARM.Deploy.0 = Release|ARM
		{0423B288-6962-4D68-BFC4-CFEA30CE78BE}.Release|iPhone.ActiveCfg = Release|Any CPU
		{0423B288-6962-4D68-BFC4-CFEA30CE78BE}.Release|iPhoneSimulator.ActiveCfg = Release|Any CPU
		{0423B288-6962-4D68-BFC4-CFEA30CE78BE}.Release|Mixed Platforms.ActiveCfg = Release|x86
		{0423B288-6962-4D68-BFC4-CFEA30CE78BE}.Release|Mixed Platforms.Build.0 = Release|x86
		{0423B288-6962-4D68-BFC4-CFEA30CE78BE}.Release|Mixed Platforms.Deploy.0 = Release|x86
		{0423B288-6962-4D68-BFC4-CFEA30CE78BE}.Release|x86.ActiveCfg = Release|x86
		{0423B288-6962-4D68-BFC4-CFEA30CE78BE}.Release|x86.Build.0 = Release|x86
		{0423B288-6962-4D68-BFC4-CFEA30CE78BE}.Release|x86.Deploy.0 = Release|x86
	EndGlobalSection
	GlobalSection(SolutionProperties) = preSolution
		HideSolutionNode = FALSE
	EndGlobalSection
EndGlobal
